
Microsoft Visual Studio Solution File, Format Version 12.00
Project("{FAE04EC0-301F-11D3-BF4B-00C04F79EFBC}") = "TanksServer", "TanksServer\TanksServer.csproj", "{D88BF376-47A4-4C72-ADD1-983F9285C351}"
EndProject
Project("{FAE04EC0-301F-11D3-BF4B-00C04F79EFBC}") = "DisplayCommands", "DisplayCommands\DisplayCommands.csproj", "{B4B43561-7A2C-486B-99F7-E58A67BC370A}"
EndProject
Project("{FAE04EC0-301F-11D3-BF4B-00C04F79EFBC}") = "EndiannessSourceGenerator", "EndiannessSourceGenerator\EndiannessSourceGenerator.csproj", "{D77FE880-F2B8-43B6-8B33-B6FA089CC337}"
EndProject
Global
	GlobalSection(SolutionConfigurationPlatforms) = preSolution
		Debug|Any CPU = Debug|Any CPU
		Release|Any CPU = Release|Any CPU
	EndGlobalSection
	GlobalSection(ProjectConfigurationPlatforms) = postSolution
		{D88BF376-47A4-4C72-ADD1-983F9285C351}.Debug|Any CPU.ActiveCfg = Debug|Any CPU
		{D88BF376-47A4-4C72-ADD1-983F9285C351}.Debug|Any CPU.Build.0 = Debug|Any CPU
		{D88BF376-47A4-4C72-ADD1-983F9285C351}.Release|Any CPU.ActiveCfg = Release|Any CPU
		{D88BF376-47A4-4C72-ADD1-983F9285C351}.Release|Any CPU.Build.0 = Release|Any CPU
		{B4B43561-7A2C-486B-99F7-E58A67BC370A}.Debug|Any CPU.ActiveCfg = Debug|Any CPU
		{B4B43561-7A2C-486B-99F7-E58A67BC370A}.Debug|Any CPU.Build.0 = Debug|Any CPU
		{B4B43561-7A2C-486B-99F7-E58A67BC370A}.Release|Any CPU.ActiveCfg = Release|Any CPU
		{B4B43561-7A2C-486B-99F7-E58A67BC370A}.Release|Any CPU.Build.0 = Release|Any CPU
		{D77FE880-F2B8-43B6-8B33-B6FA089CC337}.Debug|Any CPU.ActiveCfg = Debug|Any CPU
		{D77FE880-F2B8-43B6-8B33-B6FA089CC337}.Debug|Any CPU.Build.0 = Debug|Any CPU
		{D77FE880-F2B8-43B6-8B33-B6FA089CC337}.Release|Any CPU.ActiveCfg = Release|Any CPU
		{D77FE880-F2B8-43B6-8B33-B6FA089CC337}.Release|Any CPU.Build.0 = Release|Any CPU
	EndGlobalSection
EndGlobal
