
Microsoft Visual Studio Solution File, Format Version 12.00
Project("{FAE04EC0-301F-11D3-BF4B-00C04F79EFBC}") = "TanksServer", "TanksServer\TanksServer.csproj", "{D88BF376-47A4-4C72-ADD1-983F9285C351}"
EndProject
Project("{2150E333-8FDC-42A3-9474-1A3956D46DE8}") = "shared", "shared", "{12DB7D48-1BB2-488B-B4D9-4126087D2F8C}"
	ProjectSection(SolutionItems) = preProject
		Dockerfile = Dockerfile
	EndProjectSection
EndProject
Project("{FAE04EC0-301F-11D3-BF4B-00C04F79EFBC}") = "ServicePoint2", "servicepoint\servicepoint2-binding-cs\src\ServicePoint2.csproj", "{DFCC69ED-E02B-4631-8A23-5D394BA01E03}"
EndProject
Global
	GlobalSection(SolutionConfigurationPlatforms) = preSolution
		Debug|Any CPU = Debug|Any CPU
		Release|Any CPU = Release|Any CPU
	EndGlobalSection
	GlobalSection(ProjectConfigurationPlatforms) = postSolution
		{D88BF376-47A4-4C72-ADD1-983F9285C351}.Debug|Any CPU.ActiveCfg = Debug|Any CPU
		{D88BF376-47A4-4C72-ADD1-983F9285C351}.Debug|Any CPU.Build.0 = Debug|Any CPU
		{D88BF376-47A4-4C72-ADD1-983F9285C351}.Release|Any CPU.ActiveCfg = Release|Any CPU
		{D88BF376-47A4-4C72-ADD1-983F9285C351}.Release|Any CPU.Build.0 = Release|Any CPU
		{DFCC69ED-E02B-4631-8A23-5D394BA01E03}.Debug|Any CPU.ActiveCfg = Debug|Any CPU
		{DFCC69ED-E02B-4631-8A23-5D394BA01E03}.Debug|Any CPU.Build.0 = Debug|Any CPU
		{DFCC69ED-E02B-4631-8A23-5D394BA01E03}.Release|Any CPU.ActiveCfg = Release|Any CPU
		{DFCC69ED-E02B-4631-8A23-5D394BA01E03}.Release|Any CPU.Build.0 = Release|Any CPU
	EndGlobalSection
EndGlobal
